
Microsoft Visual Studio Solution File, Format Version 12.00
# Visual Studio Version 17
VisualStudioVersion = 17.0.31903.59
MinimumVisualStudioVersion = 10.0.40219.1
Project("{FAE04EC0-301F-11D3-BF4B-00C04F79EFBC}") = "P0_Recipe_Manager", "P0_Recipe_Manager\P0_Recipe_Manager.csproj", "{B0A1AFD6-335C-44F3-8C02-53F155A95E93}"
EndProject
Project("{FAE04EC0-301F-11D3-BF4B-00C04F79EFBC}") = "PO_Recipe_Manager.Tests", "PO_Recipe_Manager.Tests\PO_Recipe_Manager.Tests.csproj", "{3AE99F91-2E4C-4ACD-8EFB-E9D986BB5EAC}"
EndProject
Global
	GlobalSection(SolutionConfigurationPlatforms) = preSolution
		Debug|Any CPU = Debug|Any CPU
		Release|Any CPU = Release|Any CPU
	EndGlobalSection
	GlobalSection(SolutionProperties) = preSolution
		HideSolutionNode = FALSE
	EndGlobalSection
	GlobalSection(ProjectConfigurationPlatforms) = postSolution
		{B0A1AFD6-335C-44F3-8C02-53F155A95E93}.Debug|Any CPU.ActiveCfg = Debug|Any CPU
		{B0A1AFD6-335C-44F3-8C02-53F155A95E93}.Debug|Any CPU.Build.0 = Debug|Any CPU
		{B0A1AFD6-335C-44F3-8C02-53F155A95E93}.Release|Any CPU.ActiveCfg = Release|Any CPU
		{B0A1AFD6-335C-44F3-8C02-53F155A95E93}.Release|Any CPU.Build.0 = Release|Any CPU
		{3AE99F91-2E4C-4ACD-8EFB-E9D986BB5EAC}.Debug|Any CPU.ActiveCfg = Debug|Any CPU
		{3AE99F91-2E4C-4ACD-8EFB-E9D986BB5EAC}.Debug|Any CPU.Build.0 = Debug|Any CPU
		{3AE99F91-2E4C-4ACD-8EFB-E9D986BB5EAC}.Release|Any CPU.ActiveCfg = Release|Any CPU
		{3AE99F91-2E4C-4ACD-8EFB-E9D986BB5EAC}.Release|Any CPU.Build.0 = Release|Any CPU
	EndGlobalSection
EndGlobal
