
Microsoft Visual Studio Solution File, Format Version 12.00
# Visual Studio Version 17
VisualStudioVersion = 17.5.002.0
MinimumVisualStudioVersion = 10.0.40219.1
Project("{9A19103F-16F7-4668-BE54-9A1E7A4F7556}") = "DogsExample", "DogsExample.csproj", "{7129AC48-66B7-4A14-BD7A-0C22AFFEFC1F}"
EndProject
Global
	GlobalSection(SolutionConfigurationPlatforms) = preSolution
		Debug|Any CPU = Debug|Any CPU
		Release|Any CPU = Release|Any CPU
	EndGlobalSection
	GlobalSection(ProjectConfigurationPlatforms) = postSolution
		{7129AC48-66B7-4A14-BD7A-0C22AFFEFC1F}.Debug|Any CPU.ActiveCfg = Debug|Any CPU
		{7129AC48-66B7-4A14-BD7A-0C22AFFEFC1F}.Debug|Any CPU.Build.0 = Debug|Any CPU
		{7129AC48-66B7-4A14-BD7A-0C22AFFEFC1F}.Release|Any CPU.ActiveCfg = Release|Any CPU
		{7129AC48-66B7-4A14-BD7A-0C22AFFEFC1F}.Release|Any CPU.Build.0 = Release|Any CPU
	EndGlobalSection
	GlobalSection(SolutionProperties) = preSolution
		HideSolutionNode = FALSE
	EndGlobalSection
	GlobalSection(ExtensibilityGlobals) = postSolution
		SolutionGuid = {FCC08DF0-9467-4FFF-BC8E-36D3D29912D5}
	EndGlobalSection
EndGlobal
